// !$*UTF8*$!
{
	archiveVersion = 1;
	classes = {
	};
	objectVersion = 46;
	objects = {

/* Begin PBXBuildFile section */
		7BA718911E4D3BDA00F0F6EA /* AppDelegate.swift in Sources */ = {isa = PBXBuildFile; fileRef = 7BA718901E4D3BDA00F0F6EA /* AppDelegate.swift */; };
		7BA718931E4D3BDA00F0F6EA /* ViewController.swift in Sources */ = {isa = PBXBuildFile; fileRef = 7BA718921E4D3BDA00F0F6EA /* ViewController.swift */; };
		7BA718951E4D3BDA00F0F6EA /* Assets.xcassets in Resources */ = {isa = PBXBuildFile; fileRef = 7BA718941E4D3BDA00F0F6EA /* Assets.xcassets */; };
		7BA718981E4D3BDA00F0F6EA /* Main.storyboard in Resources */ = {isa = PBXBuildFile; fileRef = 7BA718961E4D3BDA00F0F6EA /* Main.storyboard */; };
/* End PBXBuildFile section */

/* Begin PBXFileReference section */
		7BA7188D1E4D3BDA00F0F6EA /* CowsAndBulls.app */ = {isa = PBXFileReference; explicitFileType = wrapper.application; includeInIndex = 0; path = CowsAndBulls.app; sourceTree = BUILT_PRODUCTS_DIR; };
		7BA718901E4D3BDA00F0F6EA /* AppDelegate.swift */ = {isa = PBXFileReference; lastKnownFileType = sourcecode.swift; path = AppDelegate.swift; sourceTree = "<group>"; };
		7BA718921E4D3BDA00F0F6EA /* ViewController.swift */ = {isa = PBXFileReference; lastKnownFileType = sourcecode.swift; path = ViewController.swift; sourceTree = "<group>"; };
		7BA718941E4D3BDA00F0F6EA /* Assets.xcassets */ = {isa = PBXFileReference; lastKnownFileType = folder.assetcatalog; path = Assets.xcassets; sourceTree = "<group>"; };
		7BA718971E4D3BDA00F0F6EA /* Base */ = {isa = PBXFileReference; lastKnownFileType = file.storyboard; name = Base; path = Base.lproj/Main.storyboard; sourceTree = "<group>"; };
		7BA718991E4D3BDA00F0F6EA /* Info.plist */ = {isa = PBXFileReference; lastKnownFileType = text.plist.xml; path = Info.plist; sourceTree = "<group>"; };
/* End PBXFileReference section */

/* Begin PBXFrameworksBuildPhase section */
		7BA7188A1E4D3BDA00F0F6EA /* Frameworks */ = {
			isa = PBXFrameworksBuildPhase;
			buildActionMask = 2147483647;
			files = (
			);
			runOnlyForDeploymentPostprocessing = 0;
		};
/* End PBXFrameworksBuildPhase section */

/* Begin PBXGroup section */
		7BA718841E4D3BDA00F0F6EA = {
			isa = PBXGroup;
			children = (
				7BA7188F1E4D3BDA00F0F6EA /* CowsAndBulls */,
				7BA7188E1E4D3BDA00F0F6EA /* Products */,
			);
			sourceTree = "<group>";
		};
		7BA7188E1E4D3BDA00F0F6EA /* Products */ = {
			isa = PBXGroup;
			children = (
				7BA7188D1E4D3BDA00F0F6EA /* CowsAndBulls.app */,
			);
			name = Products;
			sourceTree = "<group>";
		};
		7BA7188F1E4D3BDA00F0F6EA /* CowsAndBulls */ = {
			isa = PBXGroup;
			children = (
				7BA718901E4D3BDA00F0F6EA /* AppDelegate.swift */,
				7BA718921E4D3BDA00F0F6EA /* ViewController.swift */,
				7BA718941E4D3BDA00F0F6EA /* Assets.xcassets */,
				7BA718961E4D3BDA00F0F6EA /* Main.storyboard */,
				7BA718991E4D3BDA00F0F6EA /* Info.plist */,
			);
			path = CowsAndBulls;
			sourceTree = "<group>";
		};
/* End PBXGroup section */

/* Begin PBXNativeTarget section */
		7BA7188C1E4D3BDA00F0F6EA /* CowsAndBulls */ = {
			isa = PBXNativeTarget;
			buildConfigurationList = 7BA7189C1E4D3BDA00F0F6EA /* Build configuration list for PBXNativeTarget "CowsAndBulls" */;
			buildPhases = (
				7BA718891E4D3BDA00F0F6EA /* Sources */,
				7BA7188A1E4D3BDA00F0F6EA /* Frameworks */,
				7BA7188B1E4D3BDA00F0F6EA /* Resources */,
			);
			buildRules = (
			);
			dependencies = (
			);
			name = CowsAndBulls;
			productName = CowsAndBulls;
			productReference = 7BA7188D1E4D3BDA00F0F6EA /* CowsAndBulls.app */;
			productType = "com.apple.product-type.application";
		};
/* End PBXNativeTarget section */

/* Begin PBXProject section */
		7BA718851E4D3BDA00F0F6EA /* Project object */ = {
			isa = PBXProject;
			attributes = {
				LastSwiftUpdateCheck = 0820;
				LastUpgradeCheck = 0820;
				ORGANIZATIONNAME = "Dan Lindsay";
				TargetAttributes = {
					7BA7188C1E4D3BDA00F0F6EA = {
						CreatedOnToolsVersion = 8.2.1;
						DevelopmentTeam = 999T2QHS45;
						ProvisioningStyle = Automatic;
					};
				};
			};
			buildConfigurationList = 7BA718881E4D3BDA00F0F6EA /* Build configuration list for PBXProject "CowsAndBulls" */;
			compatibilityVersion = "Xcode 3.2";
			developmentRegion = English;
			hasScannedForEncodings = 0;
			knownRegions = (
				en,
				Base,
			);
			mainGroup = 7BA718841E4D3BDA00F0F6EA;
			productRefGroup = 7BA7188E1E4D3BDA00F0F6EA /* Products */;
			projectDirPath = "";
			projectRoot = "";
			targets = (
				7BA7188C1E4D3BDA00F0F6EA /* CowsAndBulls */,
			);
		};
/* End PBXProject section */

/* Begin PBXResourcesBuildPhase section */
		7BA7188B1E4D3BDA00F0F6EA /* Resources */ = {
			isa = PBXResourcesBuildPhase;
			buildActionMask = 2147483647;
			files = (
				7BA718951E4D3BDA00F0F6EA /* Assets.xcassets in Resources */,
				7BA718981E4D3BDA00F0F6EA /* Main.storyboard in Resources */,
			);
			runOnlyForDeploymentPostprocessing = 0;
		};
/* End PBXResourcesBuildPhase section */

/* Begin PBXSourcesBuildPhase section */
		7BA718891E4D3BDA00F0F6EA /* Sources */ = {
			isa = PBXSourcesBuildPhase;
			buildActionMask = 2147483647;
			files = (
				7BA718931E4D3BDA00F0F6EA /* ViewController.swift in Sources */,
				7BA718911E4D3BDA00F0F6EA /* AppDelegate.swift in Sources */,
			);
			runOnlyForDeploymentPostprocessing = 0;
		};
/* End PBXSourcesBuildPhase section */

/* Begin PBXVariantGroup section */
		7BA718961E4D3BDA00F0F6EA /* Main.storyboard */ = {
			isa = PBXVariantGroup;
			children = (
				7BA718971E4D3BDA00F0F6EA /* Base */,
			);
			name = Main.storyboard;
			sourceTree = "<group>";
		};
/* End PBXVariantGroup section */

/* Begin XCBuildConfiguration section */
		7BA7189A1E4D3BDA00F0F6EA /* Debug */ = {
			isa = XCBuildConfiguration;
			buildSettings = {
				ALWAYS_SEARCH_USER_PATHS = NO;
				CLANG_ANALYZER_NONNULL = YES;
				CLANG_CXX_LANGUAGE_STANDARD = "gnu++0x";
				CLANG_CXX_LIBRARY = "libc++";
				CLANG_ENABLE_MODULES = YES;
				CLANG_ENABLE_OBJC_ARC = YES;
				CLANG_WARN_BOOL_CONVERSION = YES;
				CLANG_WARN_CONSTANT_CONVERSION = YES;
				CLANG_WARN_DIRECT_OBJC_ISA_USAGE = YES_ERROR;
				CLANG_WARN_DOCUMENTATION_COMMENTS = YES;
				CLANG_WARN_EMPTY_BODY = YES;
				CLANG_WARN_ENUM_CONVERSION = YES;
				CLANG_WARN_INFINITE_RECURSION = YES;
				CLANG_WARN_INT_CONVERSION = YES;
				CLANG_WARN_OBJC_ROOT_CLASS = YES_ERROR;
				CLANG_WARN_SUSPICIOUS_MOVE = YES;
				CLANG_WARN_UNREACHABLE_CODE = YES;
				CLANG_WARN__DUPLICATE_METHOD_MATCH = YES;
				CODE_SIGN_IDENTITY = "-";
				COPY_PHASE_STRIP = NO;
				DEBUG_INFORMATION_FORMAT = dwarf;
				ENABLE_STRICT_OBJC_MSGSEND = YES;
				ENABLE_TESTABILITY = YES;
				GCC_C_LANGUAGE_STANDARD = gnu99;
				GCC_DYNAMIC_NO_PIC = NO;
				GCC_NO_COMMON_BLOCKS = YES;
				GCC_OPTIMIZATION_LEVEL = 0;
				GCC_PREPROCESSOR_DEFINITIONS = (
					"DEBUG=1",
					"$(inherited)",
				);
				GCC_WARN_64_TO_32_BIT_CONVERSION = YES;
				GCC_WARN_ABOUT_RETURN_TYPE = YES_ERROR;
				GCC_WARN_UNDECLARED_SELECTOR = YES;
				GCC_WARN_UNINITIALIZED_AUTOS = YES_AGGRESSIVE;
				GCC_WARN_UNUSED_FUNCTION = YES;
				GCC_WARN_UNUSED_VARIABLE = YES;
				MACOSX_DEPLOYMENT_TARGET = 10.12;
				MTL_ENABLE_DEBUG_INFO = YES;
				ONLY_ACTIVE_ARCH = YES;
				SDKROOT = macosx;
				SWIFT_ACTIVE_COMPILATION_CONDITIONS = DEBUG;
				SWIFT_OPTIMIZATION_LEVEL = "-Onone";
			};
			name = Debug;
		};
		7BA7189B1E4D3BDA00F0F6EA /* Release */ = {
			isa = XCBuildConfiguration;
			buildSettings = {
				ALWAYS_SEARCH_USER_PATHS = NO;
				CLANG_ANALYZER_NONNULL = YES;
				CLANG_CXX_LANGUAGE_STANDARD = "gnu++0x";
				CLANG_CXX_LIBRARY = "libc++";
				CLANG_ENABLE_MODULES = YES;
				CLANG_ENABLE_OBJC_ARC = YES;
				CLANG_WARN_BOOL_CONVERSION = YES;
				CLANG_WARN_CONSTANT_CONVERSION = YES;
				CLANG_WARN_DIRECT_OBJC_ISA_USAGE = YES_ERROR;
				CLANG_WARN_DOCUMENTATION_COMMENTS = YES;
				CLANG_WARN_EMPTY_BODY = YES;
				CLANG_WARN_ENUM_CONVERSION = YES;
				CLANG_WARN_INFINITE_RECURSION = YES;
				CLANG_WARN_INT_CONVERSION = YES;
				CLANG_WARN_OBJC_ROOT_CLASS = YES_ERROR;
				CLANG_WARN_SUSPICIOUS_MOVE = YES;
				CLANG_WARN_UNREACHABLE_CODE = YES;
				CLANG_WARN__DUPLICATE_METHOD_MATCH = YES;
				CODE_SIGN_IDENTITY = "-";
				COPY_PHASE_STRIP = NO;
				DEBUG_INFORMATION_FORMAT = "dwarf-with-dsym";
				ENABLE_NS_ASSERTIONS = NO;
				ENABLE_STRICT_OBJC_MSGSEND = YES;
				GCC_C_LANGUAGE_STANDARD = gnu99;
				GCC_NO_COMMON_BLOCKS = YES;
				GCC_WARN_64_TO_32_BIT_CONVERSION = YES;
				GCC_WARN_ABOUT_RETURN_TYPE = YES_ERROR;
				GCC_WARN_UNDECLARED_SELECTOR = YES;
				GCC_WARN_UNINITIALIZED_AUTOS = YES_AGGRESSIVE;
				GCC_WARN_UNUSED_FUNCTION = YES;
				GCC_WARN_UNUSED_VARIABLE = YES;
				MACOSX_DEPLOYMENT_TARGET = 10.12;
				MTL_ENABLE_DEBUG_INFO = NO;
				SDKROOT = macosx;
				SWIFT_OPTIMIZATION_LEVEL = "-Owholemodule";
			};
			name = Release;
		};
		7BA7189D1E4D3BDA00F0F6EA /* Debug */ = {
			isa = XCBuildConfiguration;
			buildSettings = {
				ASSETCATALOG_COMPILER_APPICON_NAME = AppIcon;
				COMBINE_HIDPI_IMAGES = YES;
				DEVELOPMENT_TEAM = 999T2QHS45;
				INFOPLIST_FILE = CowsAndBulls/Info.plist;
				LD_RUNPATH_SEARCH_PATHS = "$(inherited) @executable_path/../Frameworks";
				PRODUCT_BUNDLE_IDENTIFIER = com.omnificCondition.CowsAndBulls;
				PRODUCT_NAME = "$(TARGET_NAME)";
				SWIFT_VERSION = 3.0;
			};
			name = Debug;
		};
		7BA7189E1E4D3BDA00F0F6EA /* Release */ = {
			isa = XCBuildConfiguration;
			buildSettings = {
				ASSETCATALOG_COMPILER_APPICON_NAME = AppIcon;
				COMBINE_HIDPI_IMAGES = YES;
				DEVELOPMENT_TEAM = 999T2QHS45;
				INFOPLIST_FILE = CowsAndBulls/Info.plist;
				LD_RUNPATH_SEARCH_PATHS = "$(inherited) @executable_path/../Frameworks";
				PRODUCT_BUNDLE_IDENTIFIER = com.omnificCondition.CowsAndBulls;
				PRODUCT_NAME = "$(TARGET_NAME)";
				SWIFT_VERSION = 3.0;
			};
			name = Release;
		};
/* End XCBuildConfiguration section */

/* Begin XCConfigurationList section */
		7BA718881E4D3BDA00F0F6EA /* Build configuration list for PBXProject "CowsAndBulls" */ = {
			isa = XCConfigurationList;
			buildConfigurations = (
				7BA7189A1E4D3BDA00F0F6EA /* Debug */,
				7BA7189B1E4D3BDA00F0F6EA /* Release */,
			);
			defaultConfigurationIsVisible = 0;
			defaultConfigurationName = Release;
		};
		7BA7189C1E4D3BDA00F0F6EA /* Build configuration list for PBXNativeTarget "CowsAndBulls" */ = {
			isa = XCConfigurationList;
			buildConfigurations = (
				7BA7189D1E4D3BDA00F0F6EA /* Debug */,
				7BA7189E1E4D3BDA00F0F6EA /* Release */,
			);
			defaultConfigurationIsVisible = 0;
		};
/* End XCConfigurationList section */
	};
	rootObject = 7BA718851E4D3BDA00F0F6EA /* Project object */;
}
